{
  "name": "infrastructure",
  "version": "0.1.0",
  "lockfileVersion": 3,
  "requires": true,
  "packages": {
    "": {
      "name": "infrastructure",
      "version": "0.1.0",
      "devDependencies": {
        "markdownlint-cli2": "0.13.0"
      }
    }
  },
  "dependencies": {
    "markdownlint-cli2": {
      "version": "0.13.0"
    }
  }
}
